
Microsoft Visual Studio Solution File, Format Version 12.00
# Visual Studio Version 17
VisualStudioVersion = 17.5.001.0
MinimumVisualStudioVersion = 10.0.40219.1
Project("{9A19103F-16F7-4668-BE54-9A1E7A4F7556}") = "Dict", "Dict.csproj", "{650BFA73-54D6-4F0E-83F6-C5E8A62D77DE}"
EndProject
Global
	GlobalSection(SolutionConfigurationPlatforms) = preSolution
		Debug|Any CPU = Debug|Any CPU
		Release|Any CPU = Release|Any CPU
	EndGlobalSection
	GlobalSection(ProjectConfigurationPlatforms) = postSolution
		{650BFA73-54D6-4F0E-83F6-C5E8A62D77DE}.Debug|Any CPU.ActiveCfg = Debug|Any CPU
		{650BFA73-54D6-4F0E-83F6-C5E8A62D77DE}.Debug|Any CPU.Build.0 = Debug|Any CPU
		{650BFA73-54D6-4F0E-83F6-C5E8A62D77DE}.Release|Any CPU.ActiveCfg = Release|Any CPU
		{650BFA73-54D6-4F0E-83F6-C5E8A62D77DE}.Release|Any CPU.Build.0 = Release|Any CPU
	EndGlobalSection
	GlobalSection(SolutionProperties) = preSolution
		HideSolutionNode = FALSE
	EndGlobalSection
	GlobalSection(ExtensibilityGlobals) = postSolution
		SolutionGuid = {A4E670B0-4562-4D0B-A668-46C8C4A2586E}
	EndGlobalSection
EndGlobal
